{
  "name": "luxe-motors",
  "version": "1.0.0",
  "lockfileVersion": 3,
  "requires": true,
  "packages": {
    "": {
      "name": "luxe-motors",
      "version": "1.0.0",
      "dependencies": {
        "@types/node": "^22.0.0",
        "@types/react": "^19.0.0",
        "@types/react-dom": "^19.0.0",
        "framer-motion": "^12.23.12",
        "lucide-react": "^0.468.0",
        "next": "^16.3.4",
        "react": "^19.1.0",
        "react-dom": "^19.1.0",
        "tailwindcss": "^4.1.12",
        "typescript": "^5.9.2"
      },
      "devDependencies": {
        "@eslint/eslintrc": "^3.3.1",
        "@tailwindcss/postcss": "^4.3.3",
        "eslint": "^9.35.0",
        "eslint-config-next": "^16.3.4"
      }
    },
    "node_modules/@emnapi/runtime": {
      "version": "1.5.0",
      "resolved": "https://registry.npmjs.org/@emnapi/runtime/-/runtime-1.5.0.tgz",
      "integrity": "sha512-9wpxy4Rj7g7QvP1R9o6y3YJ8u5Z5sQxS6Q9lXqzVQmS5nJr7nBf4bQyQv9WJgP5mWlYq6JkY9yM0dQk5bLkA==",
      "license": "MIT",
      "engines": {"node": ">=18"}
    }
  }
}
